
Microsoft Visual Studio Solution File, Format Version 12.00
# Visual Studio 15
VisualStudioVersion = 15.0.28010.2019
MinimumVisualStudioVersion = 10.0.40219.1
Project("{FAE04EC0-301F-11D3-BF4B-00C04F79EFBC}") = "NUnitDemo", "NUnitDemo\NUnitDemo.csproj", "{61249D97-A0C0-4F36-9BD8-F104BD9D1806}"
EndProject
Global
	GlobalSection(SolutionConfigurationPlatforms) = preSolution
		Debug|Any CPU = Debug|Any CPU
		Release|Any CPU = Release|Any CPU
	EndGlobalSection
	GlobalSection(ProjectConfigurationPlatforms) = postSolution
		{61249D97-A0C0-4F36-9BD8-F104BD9D1806}.Debug|Any CPU.ActiveCfg = Debug|Any CPU
		{61249D97-A0C0-4F36-9BD8-F104BD9D1806}.Debug|Any CPU.Build.0 = Debug|Any CPU
		{61249D97-A0C0-4F36-9BD8-F104BD9D1806}.Release|Any CPU.ActiveCfg = Release|Any CPU
		{61249D97-A0C0-4F36-9BD8-F104BD9D1806}.Release|Any CPU.Build.0 = Release|Any CPU
	EndGlobalSection
	GlobalSection(SolutionProperties) = preSolution
		HideSolutionNode = FALSE
	EndGlobalSection
	GlobalSection(ExtensibilityGlobals) = postSolution
		SolutionGuid = {D94842B7-88EC-4EDF-A6D6-E78D70A56676}
	EndGlobalSection
EndGlobal
